// !$*UTF8*$!
{
	archiveVersion = 1;
	classes = {
	};
	objectVersion = 56;
	objects = {

/* Begin PBXBuildFile section */
		DFE060772CFAA9E400BB17E5 /* MovieListApp.swift in Sources */ = {isa = PBXBuildFile; fileRef = DFE060762CFAA9E400BB17E5 /* MovieListApp.swift */; };
		DFE0607B2CFAA9E700BB17E5 /* Assets.xcassets in Resources */ = {isa = PBXBuildFile; fileRef = DFE0607A2CFAA9E700BB17E5 /* Assets.xcassets */; };
		DFE0607E2CFAA9E700BB17E5 /* Preview Assets.xcassets in Resources */ = {isa = PBXBuildFile; fileRef = DFE0607D2CFAA9E700BB17E5 /* Preview Assets.xcassets */; };
		DFE060A12CFAAA1700BB17E5 /* ListMovieView.swift in Sources */ = {isa = PBXBuildFile; fileRef = DFE060A02CFAAA1700BB17E5 /* ListMovieView.swift */; };
		DFE060A32CFAAE3600BB17E5 /* MovieView.swift in Sources */ = {isa = PBXBuildFile; fileRef = DFE060A22CFAAE3600BB17E5 /* MovieView.swift */; };
/* End PBXBuildFile section */

/* Begin PBXContainerItemProxy section */
		DFE060842CFAA9E800BB17E5 /* PBXContainerItemProxy */ = {
			isa = PBXContainerItemProxy;
			containerPortal = DFE0606B2CFAA9E400BB17E5 /* Project object */;
			proxyType = 1;
			remoteGlobalIDString = DFE060722CFAA9E400BB17E5;
			remoteInfo = MovieList;
		};
		DFE0608E2CFAA9E800BB17E5 /* PBXContainerItemProxy */ = {
			isa = PBXContainerItemProxy;
			containerPortal = DFE0606B2CFAA9E400BB17E5 /* Project object */;
			proxyType = 1;
			remoteGlobalIDString = DFE060722CFAA9E400BB17E5;
			remoteInfo = MovieList;
		};
/* End PBXContainerItemProxy section */

/* Begin PBXFileReference section */
		DFE060732CFAA9E400BB17E5 /* MovieList.app */ = {isa = PBXFileReference; explicitFileType = wrapper.application; includeInIndex = 0; path = MovieList.app; sourceTree = BUILT_PRODUCTS_DIR; };
		DFE060762CFAA9E400BB17E5 /* MovieListApp.swift */ = {isa = PBXFileReference; lastKnownFileType = sourcecode.swift; path = MovieListApp.swift; sourceTree = "<group>"; };
		DFE0607A2CFAA9E700BB17E5 /* Assets.xcassets */ = {isa = PBXFileReference; lastKnownFileType = folder.assetcatalog; path = Assets.xcassets; sourceTree = "<group>"; };
		DFE0607D2CFAA9E700BB17E5 /* Preview Assets.xcassets */ = {isa = PBXFileReference; lastKnownFileType = folder.assetcatalog; path = "Preview Assets.xcassets"; sourceTree = "<group>"; };
		DFE060832CFAA9E800BB17E5 /* MovieListTests.xctest */ = {isa = PBXFileReference; explicitFileType = wrapper.cfbundle; includeInIndex = 0; path = MovieListTests.xctest; sourceTree = BUILT_PRODUCTS_DIR; };
		DFE0608D2CFAA9E800BB17E5 /* MovieListUITests.xctest */ = {isa = PBXFileReference; explicitFileType = wrapper.cfbundle; includeInIndex = 0; path = MovieListUITests.xctest; sourceTree = BUILT_PRODUCTS_DIR; };
		DFE060A02CFAAA1700BB17E5 /* ListMovieView.swift */ = {isa = PBXFileReference; lastKnownFileType = sourcecode.swift; path = ListMovieView.swift; sourceTree = "<group>"; };
		DFE060A22CFAAE3600BB17E5 /* MovieView.swift */ = {isa = PBXFileReference; lastKnownFileType = sourcecode.swift; path = MovieView.swift; sourceTree = "<group>"; };
/* End PBXFileReference section */

/* Begin PBXFrameworksBuildPhase section */
		DFE060702CFAA9E400BB17E5 /* Frameworks */ = {
			isa = PBXFrameworksBuildPhase;
			buildActionMask = 2147483647;
			files = (
			);
			runOnlyForDeploymentPostprocessing = 0;
		};
		DFE060802CFAA9E800BB17E5 /* Frameworks */ = {
			isa = PBXFrameworksBuildPhase;
			buildActionMask = 2147483647;
			files = (
			);
			runOnlyForDeploymentPostprocessing = 0;
		};
		DFE0608A2CFAA9E800BB17E5 /* Frameworks */ = {
			isa = PBXFrameworksBuildPhase;
			buildActionMask = 2147483647;
			files = (
			);
			runOnlyForDeploymentPostprocessing = 0;
		};
/* End PBXFrameworksBuildPhase section */

/* Begin PBXGroup section */
		DFE0606A2CFAA9E400BB17E5 = {
			isa = PBXGroup;
			children = (
				DFE060752CFAA9E400BB17E5 /* MovieList */,
				DFE060742CFAA9E400BB17E5 /* Products */,
			);
			sourceTree = "<group>";
		};
		DFE060742CFAA9E400BB17E5 /* Products */ = {
			isa = PBXGroup;
			children = (
				DFE060732CFAA9E400BB17E5 /* MovieList.app */,
				DFE060832CFAA9E800BB17E5 /* MovieListTests.xctest */,
				DFE0608D2CFAA9E800BB17E5 /* MovieListUITests.xctest */,
			);
			name = Products;
			sourceTree = "<group>";
		};
		DFE060752CFAA9E400BB17E5 /* MovieList */ = {
			isa = PBXGroup;
			children = (
				DFE060762CFAA9E400BB17E5 /* MovieListApp.swift */,
				DFE0607A2CFAA9E700BB17E5 /* Assets.xcassets */,
				DFE0607C2CFAA9E700BB17E5 /* Preview Content */,
				DFE060A02CFAAA1700BB17E5 /* ListMovieView.swift */,
				DFE060A22CFAAE3600BB17E5 /* MovieView.swift */,
			);
			path = MovieList;
			sourceTree = "<group>";
		};
		DFE0607C2CFAA9E700BB17E5 /* Preview Content */ = {
			isa = PBXGroup;
			children = (
				DFE0607D2CFAA9E700BB17E5 /* Preview Assets.xcassets */,
			);
			path = "Preview Content";
			sourceTree = "<group>";
		};
/* End PBXGroup section */

/* Begin PBXNativeTarget section */
		DFE060722CFAA9E400BB17E5 /* MovieList */ = {
			isa = PBXNativeTarget;
			buildConfigurationList = DFE060972CFAA9E800BB17E5 /* Build configuration list for PBXNativeTarget "MovieList" */;
			buildPhases = (
				DFE0606F2CFAA9E400BB17E5 /* Sources */,
				DFE060702CFAA9E400BB17E5 /* Frameworks */,
				DFE060712CFAA9E400BB17E5 /* Resources */,
			);
			buildRules = (
			);
			dependencies = (
			);
			name = MovieList;
			productName = MovieList;
			productReference = DFE060732CFAA9E400BB17E5 /* MovieList.app */;
			productType = "com.apple.product-type.application";
		};
		DFE060822CFAA9E800BB17E5 /* MovieListTests */ = {
			isa = PBXNativeTarget;
			buildConfigurationList = DFE0609A2CFAA9E800BB17E5 /* Build configuration list for PBXNativeTarget "MovieListTests" */;
			buildPhases = (
				DFE0607F2CFAA9E800BB17E5 /* Sources */,
				DFE060802CFAA9E800BB17E5 /* Frameworks */,
				DFE060812CFAA9E800BB17E5 /* Resources */,
			);
			buildRules = (
			);
			dependencies = (
				DFE060852CFAA9E800BB17E5 /* PBXTargetDependency */,
			);
			name = MovieListTests;
			productName = MovieListTests;
			productReference = DFE060832CFAA9E800BB17E5 /* MovieListTests.xctest */;
			productType = "com.apple.product-type.bundle.unit-test";
		};
		DFE0608C2CFAA9E800BB17E5 /* MovieListUITests */ = {
			isa = PBXNativeTarget;
			buildConfigurationList = DFE0609D2CFAA9E800BB17E5 /* Build configuration list for PBXNativeTarget "MovieListUITests" */;
			buildPhases = (
				DFE060892CFAA9E800BB17E5 /* Sources */,
				DFE0608A2CFAA9E800BB17E5 /* Frameworks */,
				DFE0608B2CFAA9E800BB17E5 /* Resources */,
			);
			buildRules = (
			);
			dependencies = (
				DFE0608F2CFAA9E800BB17E5 /* PBXTargetDependency */,
			);
			name = MovieListUITests;
			productName = MovieListUITests;
			productReference = DFE0608D2CFAA9E800BB17E5 /* MovieListUITests.xctest */;
			productType = "com.apple.product-type.bundle.ui-testing";
		};
/* End PBXNativeTarget section */

/* Begin PBXProject section */
		DFE0606B2CFAA9E400BB17E5 /* Project object */ = {
			isa = PBXProject;
			attributes = {
				BuildIndependentTargetsInParallel = 1;
				LastSwiftUpdateCheck = 1520;
				LastUpgradeCheck = 1520;
				TargetAttributes = {
					DFE060722CFAA9E400BB17E5 = {
						CreatedOnToolsVersion = 15.2;
					};
					DFE060822CFAA9E800BB17E5 = {
						CreatedOnToolsVersion = 15.2;
						TestTargetID = DFE060722CFAA9E400BB17E5;
					};
					DFE0608C2CFAA9E800BB17E5 = {
						CreatedOnToolsVersion = 15.2;
						TestTargetID = DFE060722CFAA9E400BB17E5;
					};
				};
			};
			buildConfigurationList = DFE0606E2CFAA9E400BB17E5 /* Build configuration list for PBXProject "MovieList" */;
			compatibilityVersion = "Xcode 14.0";
			developmentRegion = en;
			hasScannedForEncodings = 0;
			knownRegions = (
				en,
				Base,
			);
			mainGroup = DFE0606A2CFAA9E400BB17E5;
			productRefGroup = DFE060742CFAA9E400BB17E5 /* Products */;
			projectDirPath = "";
			projectRoot = "";
			targets = (
				DFE060722CFAA9E400BB17E5 /* MovieList */,
				DFE060822CFAA9E800BB17E5 /* MovieListTests */,
				DFE0608C2CFAA9E800BB17E5 /* MovieListUITests */,
			);
		};
/* End PBXProject section */

/* Begin PBXResourcesBuildPhase section */
		DFE060712CFAA9E400BB17E5 /* Resources */ = {
			isa = PBXResourcesBuildPhase;
			buildActionMask = 2147483647;
			files = (
				DFE0607E2CFAA9E700BB17E5 /* Preview Assets.xcassets in Resources */,
				DFE0607B2CFAA9E700BB17E5 /* Assets.xcassets in Resources */,
			);
			runOnlyForDeploymentPostprocessing = 0;
		};
		DFE060812CFAA9E800BB17E5 /* Resources */ = {
			isa = PBXResourcesBuildPhase;
			buildActionMask = 2147483647;
			files = (
			);
			runOnlyForDeploymentPostprocessing = 0;
		};
		DFE0608B2CFAA9E800BB17E5 /* Resources */ = {
			isa = PBXResourcesBuildPhase;
			buildActionMask = 2147483647;
			files = (
			);
			runOnlyForDeploymentPostprocessing = 0;
		};
/* End PBXResourcesBuildPhase section */

/* Begin PBXSourcesBuildPhase section */
		DFE0606F2CFAA9E400BB17E5 /* Sources */ = {
			isa = PBXSourcesBuildPhase;
			buildActionMask = 2147483647;
			files = (
				DFE060A32CFAAE3600BB17E5 /* MovieView.swift in Sources */,
				DFE060772CFAA9E400BB17E5 /* MovieListApp.swift in Sources */,
				DFE060A12CFAAA1700BB17E5 /* ListMovieView.swift in Sources */,
			);
			runOnlyForDeploymentPostprocessing = 0;
		};
		DFE0607F2CFAA9E800BB17E5 /* Sources */ = {
			isa = PBXSourcesBuildPhase;
			buildActionMask = 2147483647;
			files = (
			);
			runOnlyForDeploymentPostprocessing = 0;
		};
		DFE060892CFAA9E800BB17E5 /* Sources */ = {
			isa = PBXSourcesBuildPhase;
			buildActionMask = 2147483647;
			files = (
			);
			runOnlyForDeploymentPostprocessing = 0;
		};
/* End PBXSourcesBuildPhase section */

/* Begin PBXTargetDependency section */
		DFE060852CFAA9E800BB17E5 /* PBXTargetDependency */ = {
			isa = PBXTargetDependency;
			target = DFE060722CFAA9E400BB17E5 /* MovieList */;
			targetProxy = DFE060842CFAA9E800BB17E5 /* PBXContainerItemProxy */;
		};
		DFE0608F2CFAA9E800BB17E5 /* PBXTargetDependency */ = {
			isa = PBXTargetDependency;
			target = DFE060722CFAA9E400BB17E5 /* MovieList */;
			targetProxy = DFE0608E2CFAA9E800BB17E5 /* PBXContainerItemProxy */;
		};
/* End PBXTargetDependency section */

/* Begin XCBuildConfiguration section */
		DFE060952CFAA9E800BB17E5 /* Debug */ = {
			isa = XCBuildConfiguration;
			buildSettings = {
				ALWAYS_SEARCH_USER_PATHS = NO;
				ASSETCATALOG_COMPILER_GENERATE_SWIFT_ASSET_SYMBOL_EXTENSIONS = YES;
				CLANG_ANALYZER_NONNULL = YES;
				CLANG_ANALYZER_NUMBER_OBJECT_CONVERSION = YES_AGGRESSIVE;
				CLANG_CXX_LANGUAGE_STANDARD = "gnu++20";
				CLANG_ENABLE_MODULES = YES;
				CLANG_ENABLE_OBJC_ARC = YES;
				CLANG_ENABLE_OBJC_WEAK = YES;
				CLANG_WARN_BLOCK_CAPTURE_AUTORELEASING = YES;
				CLANG_WARN_BOOL_CONVERSION = YES;
				CLANG_WARN_COMMA = YES;
				CLANG_WARN_CONSTANT_CONVERSION = YES;
				CLANG_WARN_DEPRECATED_OBJC_IMPLEMENTATIONS = YES;
				CLANG_WARN_DIRECT_OBJC_ISA_USAGE = YES_ERROR;
				CLANG_WARN_DOCUMENTATION_COMMENTS = YES;
				CLANG_WARN_EMPTY_BODY = YES;
				CLANG_WARN_ENUM_CONVERSION = YES;
				CLANG_WARN_INFINITE_RECURSION = YES;
				CLANG_WARN_INT_CONVERSION = YES;
				CLANG_WARN_NON_LITERAL_NULL_CONVERSION = YES;
				CLANG_WARN_OBJC_IMPLICIT_RETAIN_SELF = YES;
				CLANG_WARN_OBJC_LITERAL_CONVERSION = YES;
				CLANG_WARN_OBJC_ROOT_CLASS = YES_ERROR;
				CLANG_WARN_QUOTED_INCLUDE_IN_FRAMEWORK_HEADER = YES;
				CLANG_WARN_RANGE_LOOP_ANALYSIS = YES;
				CLANG_WARN_STRICT_PROTOTYPES = YES;
				CLANG_WARN_SUSPICIOUS_MOVE = YES;
				CLANG_WARN_UNGUARDED_AVAILABILITY = YES_AGGRESSIVE;
				CLANG_WARN_UNREACHABLE_CODE = YES;
				CLANG_WARN__DUPLICATE_METHOD_MATCH = YES;
				COPY_PHASE_STRIP = NO;
				DEBUG_INFORMATION_FORMAT = dwarf;
				ENABLE_STRICT_OBJC_MSGSEND = YES;
				ENABLE_TESTABILITY = YES;
				ENABLE_USER_SCRIPT_SANDBOXING = YES;
				GCC_C_LANGUAGE_STANDARD = gnu17;
				GCC_DYNAMIC_NO_PIC = NO;
				GCC_NO_COMMON_BLOCKS = YES;
				GCC_OPTIMIZATION_LEVEL = 0;
				GCC_PREPROCESSOR_DEFINITIONS = (
					"DEBUG=1",
					"$(inherited)",
				);
				GCC_WARN_64_TO_32_BIT_CONVERSION = YES;
				GCC_WARN_ABOUT_RETURN_TYPE = YES_ERROR;
				GCC_WARN_UNDECLARED_SELECTOR = YES;
				GCC_WARN_UNINITIALIZED_AUTOS = YES_AGGRESSIVE;
				GCC_WARN_UNUSED_FUNCTION = YES;
				GCC_WARN_UNUSED_VARIABLE = YES;
				IPHONEOS_DEPLOYMENT_TARGET = 17.2;
				LOCALIZATION_PREFERS_STRING_CATALOGS = YES;
				MTL_ENABLE_DEBUG_INFO = INCLUDE_SOURCE;
				MTL_FAST_MATH = YES;
				ONLY_ACTIVE_ARCH = YES;
				SDKROOT = iphoneos;
				SWIFT_ACTIVE_COMPILATION_CONDITIONS = "DEBUG $(inherited)";
				SWIFT_OPTIMIZATION_LEVEL = "-Onone";
			};
			name = Debug;
		};
		DFE060962CFAA9E800BB17E5 /* Release */ = {
			isa = XCBuildConfiguration;
			buildSettings = {
				ALWAYS_SEARCH_USER_PATHS = NO;
				ASSETCATALOG_COMPILER_GENERATE_SWIFT_ASSET_SYMBOL_EXTENSIONS = YES;
				CLANG_ANALYZER_NONNULL = YES;
				CLANG_ANALYZER_NUMBER_OBJECT_CONVERSION = YES_AGGRESSIVE;
				CLANG_CXX_LANGUAGE_STANDARD = "gnu++20";
				CLANG_ENABLE_MODULES = YES;
				CLANG_ENABLE_OBJC_ARC = YES;
				CLANG_ENABLE_OBJC_WEAK = YES;
				CLANG_WARN_BLOCK_CAPTURE_AUTORELEASING = YES;
				CLANG_WARN_BOOL_CONVERSION = YES;
				CLANG_WARN_COMMA = YES;
				CLANG_WARN_CONSTANT_CONVERSION = YES;
				CLANG_WARN_DEPRECATED_OBJC_IMPLEMENTATIONS = YES;
				CLANG_WARN_DIRECT_OBJC_ISA_USAGE = YES_ERROR;
				CLANG_WARN_DOCUMENTATION_COMMENTS = YES;
				CLANG_WARN_EMPTY_BODY = YES;
				CLANG_WARN_ENUM_CONVERSION = YES;
				CLANG_WARN_INFINITE_RECURSION = YES;
				CLANG_WARN_INT_CONVERSION = YES;
				CLANG_WARN_NON_LITERAL_NULL_CONVERSION = YES;
				CLANG_WARN_OBJC_IMPLICIT_RETAIN_SELF = YES;
				CLANG_WARN_OBJC_LITERAL_CONVERSION = YES;
				CLANG_WARN_OBJC_ROOT_CLASS = YES_ERROR;
				CLANG_WARN_QUOTED_INCLUDE_IN_FRAMEWORK_HEADER = YES;
				CLANG_WARN_RANGE_LOOP_ANALYSIS = YES;
				CLANG_WARN_STRICT_PROTOTYPES = YES;
				CLANG_WARN_SUSPICIOUS_MOVE = YES;
				CLANG_WARN_UNGUARDED_AVAILABILITY = YES_AGGRESSIVE;
				CLANG_WARN_UNREACHABLE_CODE = YES;
				CLANG_WARN__DUPLICATE_METHOD_MATCH = YES;
				COPY_PHASE_STRIP = NO;
				DEBUG_INFORMATION_FORMAT = "dwarf-with-dsym";
				ENABLE_NS_ASSERTIONS = NO;
				ENABLE_STRICT_OBJC_MSGSEND = YES;
				ENABLE_USER_SCRIPT_SANDBOXING = YES;
				GCC_C_LANGUAGE_STANDARD = gnu17;
				GCC_NO_COMMON_BLOCKS = YES;
				GCC_WARN_64_TO_32_BIT_CONVERSION = YES;
				GCC_WARN_ABOUT_RETURN_TYPE = YES_ERROR;
				GCC_WARN_UNDECLARED_SELECTOR = YES;
				GCC_WARN_UNINITIALIZED_AUTOS = YES_AGGRESSIVE;
				GCC_WARN_UNUSED_FUNCTION = YES;
				GCC_WARN_UNUSED_VARIABLE = YES;
				IPHONEOS_DEPLOYMENT_TARGET = 17.2;
				LOCALIZATION_PREFERS_STRING_CATALOGS = YES;
				MTL_ENABLE_DEBUG_INFO = NO;
				MTL_FAST_MATH = YES;
				SDKROOT = iphoneos;
				SWIFT_COMPILATION_MODE = wholemodule;
				VALIDATE_PRODUCT = YES;
			};
			name = Release;
		};
		DFE060982CFAA9E800BB17E5 /* Debug */ = {
			isa = XCBuildConfiguration;
			buildSettings = {
				ASSETCATALOG_COMPILER_APPICON_NAME = AppIcon;
				ASSETCATALOG_COMPILER_GLOBAL_ACCENT_COLOR_NAME = AccentColor;
				CODE_SIGN_STYLE = Automatic;
				CURRENT_PROJECT_VERSION = 1;
				DEVELOPMENT_ASSET_PATHS = "\"MovieList/Preview Content\"";
				DEVELOPMENT_TEAM = 85N8VR2Y7H;
				ENABLE_PREVIEWS = YES;
				GENERATE_INFOPLIST_FILE = YES;
				INFOPLIST_KEY_UIApplicationSceneManifest_Generation = YES;
				INFOPLIST_KEY_UIApplicationSupportsIndirectInputEvents = YES;
				INFOPLIST_KEY_UILaunchScreen_Generation = YES;
				INFOPLIST_KEY_UISupportedInterfaceOrientations_iPad = "UIInterfaceOrientationPortrait UIInterfaceOrientationPortraitUpsideDown UIInterfaceOrientationLandscapeLeft UIInterfaceOrientationLandscapeRight";
				INFOPLIST_KEY_UISupportedInterfaceOrientations_iPhone = "UIInterfaceOrientationPortrait UIInterfaceOrientationLandscapeLeft UIInterfaceOrientationLandscapeRight";
				LD_RUNPATH_SEARCH_PATHS = (
					"$(inherited)",
					"@executable_path/Frameworks",
				);
				MARKETING_VERSION = 1.0;
				PRODUCT_BUNDLE_IDENTIFIER = br.com.samuUfreitas.dev.MovieList;
				PRODUCT_NAME = "$(TARGET_NAME)";
				SWIFT_EMIT_LOC_STRINGS = YES;
				SWIFT_VERSION = 5.0;
				TARGETED_DEVICE_FAMILY = "1,2";
			};
			name = Debug;
		};
		DFE060992CFAA9E800BB17E5 /* Release */ = {
			isa = XCBuildConfiguration;
			buildSettings = {
				ASSETCATALOG_COMPILER_APPICON_NAME = AppIcon;
				ASSETCATALOG_COMPILER_GLOBAL_ACCENT_COLOR_NAME = AccentColor;
				CODE_SIGN_STYLE = Automatic;
				CURRENT_PROJECT_VERSION = 1;
				DEVELOPMENT_ASSET_PATHS = "\"MovieList/Preview Content\"";
				DEVELOPMENT_TEAM = 85N8VR2Y7H;
				ENABLE_PREVIEWS = YES;
				GENERATE_INFOPLIST_FILE = YES;
				INFOPLIST_KEY_UIApplicationSceneManifest_Generation = YES;
				INFOPLIST_KEY_UIApplicationSupportsIndirectInputEvents = YES;
				INFOPLIST_KEY_UILaunchScreen_Generation = YES;
				INFOPLIST_KEY_UISupportedInterfaceOrientations_iPad = "UIInterfaceOrientationPortrait UIInterfaceOrientationPortraitUpsideDown UIInterfaceOrientationLandscapeLeft UIInterfaceOrientationLandscapeRight";
				INFOPLIST_KEY_UISupportedInterfaceOrientations_iPhone = "UIInterfaceOrientationPortrait UIInterfaceOrientationLandscapeLeft UIInterfaceOrientationLandscapeRight";
				LD_RUNPATH_SEARCH_PATHS = (
					"$(inherited)",
					"@executable_path/Frameworks",
				);
				MARKETING_VERSION = 1.0;
				PRODUCT_BUNDLE_IDENTIFIER = br.com.samuUfreitas.dev.MovieList;
				PRODUCT_NAME = "$(TARGET_NAME)";
				SWIFT_EMIT_LOC_STRINGS = YES;
				SWIFT_VERSION = 5.0;
				TARGETED_DEVICE_FAMILY = "1,2";
			};
			name = Release;
		};
		DFE0609B2CFAA9E800BB17E5 /* Debug */ = {
			isa = XCBuildConfiguration;
			buildSettings = {
				ALWAYS_EMBED_SWIFT_STANDARD_LIBRARIES = YES;
				BUNDLE_LOADER = "$(TEST_HOST)";
				CODE_SIGN_STYLE = Automatic;
				CURRENT_PROJECT_VERSION = 1;
				DEVELOPMENT_TEAM = 85N8VR2Y7H;
				GENERATE_INFOPLIST_FILE = YES;
				IPHONEOS_DEPLOYMENT_TARGET = 17.2;
				MARKETING_VERSION = 1.0;
				PRODUCT_BUNDLE_IDENTIFIER = br.com.samuUfreitas.dev.MovieListTests;
				PRODUCT_NAME = "$(TARGET_NAME)";
				SWIFT_EMIT_LOC_STRINGS = NO;
				SWIFT_VERSION = 5.0;
				TARGETED_DEVICE_FAMILY = "1,2";
				TEST_HOST = "$(BUILT_PRODUCTS_DIR)/MovieList.app/$(BUNDLE_EXECUTABLE_FOLDER_PATH)/MovieList";
			};
			name = Debug;
		};
		DFE0609C2CFAA9E800BB17E5 /* Release */ = {
			isa = XCBuildConfiguration;
			buildSettings = {
				ALWAYS_EMBED_SWIFT_STANDARD_LIBRARIES = YES;
				BUNDLE_LOADER = "$(TEST_HOST)";
				CODE_SIGN_STYLE = Automatic;
				CURRENT_PROJECT_VERSION = 1;
				DEVELOPMENT_TEAM = 85N8VR2Y7H;
				GENERATE_INFOPLIST_FILE = YES;
				IPHONEOS_DEPLOYMENT_TARGET = 17.2;
				MARKETING_VERSION = 1.0;
				PRODUCT_BUNDLE_IDENTIFIER = br.com.samuUfreitas.dev.MovieListTests;
				PRODUCT_NAME = "$(TARGET_NAME)";
				SWIFT_EMIT_LOC_STRINGS = NO;
				SWIFT_VERSION = 5.0;
				TARGETED_DEVICE_FAMILY = "1,2";
				TEST_HOST = "$(BUILT_PRODUCTS_DIR)/MovieList.app/$(BUNDLE_EXECUTABLE_FOLDER_PATH)/MovieList";
			};
			name = Release;
		};
		DFE0609E2CFAA9E800BB17E5 /* Debug */ = {
			isa = XCBuildConfiguration;
			buildSettings = {
				ALWAYS_EMBED_SWIFT_STANDARD_LIBRARIES = YES;
				CODE_SIGN_STYLE = Automatic;
				CURRENT_PROJECT_VERSION = 1;
				DEVELOPMENT_TEAM = 85N8VR2Y7H;
				GENERATE_INFOPLIST_FILE = YES;
				MARKETING_VERSION = 1.0;
				PRODUCT_BUNDLE_IDENTIFIER = br.com.samuUfreitas.dev.MovieListUITests;
				PRODUCT_NAME = "$(TARGET_NAME)";
				SWIFT_EMIT_LOC_STRINGS = NO;
				SWIFT_VERSION = 5.0;
				TARGETED_DEVICE_FAMILY = "1,2";
				TEST_TARGET_NAME = MovieList;
			};
			name = Debug;
		};
		DFE0609F2CFAA9E800BB17E5 /* Release */ = {
			isa = XCBuildConfiguration;
			buildSettings = {
				ALWAYS_EMBED_SWIFT_STANDARD_LIBRARIES = YES;
				CODE_SIGN_STYLE = Automatic;
				CURRENT_PROJECT_VERSION = 1;
				DEVELOPMENT_TEAM = 85N8VR2Y7H;
				GENERATE_INFOPLIST_FILE = YES;
				MARKETING_VERSION = 1.0;
				PRODUCT_BUNDLE_IDENTIFIER = br.com.samuUfreitas.dev.MovieListUITests;
				PRODUCT_NAME = "$(TARGET_NAME)";
				SWIFT_EMIT_LOC_STRINGS = NO;
				SWIFT_VERSION = 5.0;
				TARGETED_DEVICE_FAMILY = "1,2";
				TEST_TARGET_NAME = MovieList;
			};
			name = Release;
		};
/* End XCBuildConfiguration section */

/* Begin XCConfigurationList section */
		DFE0606E2CFAA9E400BB17E5 /* Build configuration list for PBXProject "MovieList" */ = {
			isa = XCConfigurationList;
			buildConfigurations = (
				DFE060952CFAA9E800BB17E5 /* Debug */,
				DFE060962CFAA9E800BB17E5 /* Release */,
			);
			defaultConfigurationIsVisible = 0;
			defaultConfigurationName = Release;
		};
		DFE060972CFAA9E800BB17E5 /* Build configuration list for PBXNativeTarget "MovieList" */ = {
			isa = XCConfigurationList;
			buildConfigurations = (
				DFE060982CFAA9E800BB17E5 /* Debug */,
				DFE060992CFAA9E800BB17E5 /* Release */,
			);
			defaultConfigurationIsVisible = 0;
			defaultConfigurationName = Release;
		};
		DFE0609A2CFAA9E800BB17E5 /* Build configuration list for PBXNativeTarget "MovieListTests" */ = {
			isa = XCConfigurationList;
			buildConfigurations = (
				DFE0609B2CFAA9E800BB17E5 /* Debug */,
				DFE0609C2CFAA9E800BB17E5 /* Release */,
			);
			defaultConfigurationIsVisible = 0;
			defaultConfigurationName = Release;
		};
		DFE0609D2CFAA9E800BB17E5 /* Build configuration list for PBXNativeTarget "MovieListUITests" */ = {
			isa = XCConfigurationList;
			buildConfigurations = (
				DFE0609E2CFAA9E800BB17E5 /* Debug */,
				DFE0609F2CFAA9E800BB17E5 /* Release */,
			);
			defaultConfigurationIsVisible = 0;
			defaultConfigurationName = Release;
		};
/* End XCConfigurationList section */
	};
	rootObject = DFE0606B2CFAA9E400BB17E5 /* Project object */;
}
